
Microsoft Visual Studio Solution File, Format Version 12.00
# Visual Studio 14
VisualStudioVersion = 14.0.25420.1
MinimumVisualStudioVersion = 10.0.40219.1
Project("{FAE04EC0-301F-11D3-BF4B-00C04F79EFBC}") = "ConsumoMedio", "ConsumoMedio\ConsumoMedio.csproj", "{8ED1E282-2796-49B2-97C9-1DB1750BC16D}"
EndProject
Project("{FAE04EC0-301F-11D3-BF4B-00C04F79EFBC}") = "programaDDDCidade", "programaDDDCidade\programaDDDCidade.csproj", "{87A282E9-88C4-4913-AA1D-ACCB4AB77D76}"
EndProject
Project("{FAE04EC0-301F-11D3-BF4B-00C04F79EFBC}") = "aumentoSalarial", "aumentoSalarial\aumentoSalarial.csproj", "{576E610B-24FC-4E14-A773-47FBDE420D2E}"
EndProject
Global
	GlobalSection(SolutionConfigurationPlatforms) = preSolution
		Debug|Any CPU = Debug|Any CPU
		Release|Any CPU = Release|Any CPU
	EndGlobalSection
	GlobalSection(ProjectConfigurationPlatforms) = postSolution
		{8ED1E282-2796-49B2-97C9-1DB1750BC16D}.Debug|Any CPU.ActiveCfg = Debug|Any CPU
		{8ED1E282-2796-49B2-97C9-1DB1750BC16D}.Debug|Any CPU.Build.0 = Debug|Any CPU
		{8ED1E282-2796-49B2-97C9-1DB1750BC16D}.Release|Any CPU.ActiveCfg = Release|Any CPU
		{8ED1E282-2796-49B2-97C9-1DB1750BC16D}.Release|Any CPU.Build.0 = Release|Any CPU
		{87A282E9-88C4-4913-AA1D-ACCB4AB77D76}.Debug|Any CPU.ActiveCfg = Debug|Any CPU
		{87A282E9-88C4-4913-AA1D-ACCB4AB77D76}.Debug|Any CPU.Build.0 = Debug|Any CPU
		{87A282E9-88C4-4913-AA1D-ACCB4AB77D76}.Release|Any CPU.ActiveCfg = Release|Any CPU
		{87A282E9-88C4-4913-AA1D-ACCB4AB77D76}.Release|Any CPU.Build.0 = Release|Any CPU
		{576E610B-24FC-4E14-A773-47FBDE420D2E}.Debug|Any CPU.ActiveCfg = Debug|Any CPU
		{576E610B-24FC-4E14-A773-47FBDE420D2E}.Debug|Any CPU.Build.0 = Debug|Any CPU
		{576E610B-24FC-4E14-A773-47FBDE420D2E}.Release|Any CPU.ActiveCfg = Release|Any CPU
		{576E610B-24FC-4E14-A773-47FBDE420D2E}.Release|Any CPU.Build.0 = Release|Any CPU
	EndGlobalSection
	GlobalSection(SolutionProperties) = preSolution
		HideSolutionNode = FALSE
	EndGlobalSection
EndGlobal
